
Microsoft Visual Studio Solution File, Format Version 12.00
# Visual Studio 15
VisualStudioVersion = 15.0.26730.16
MinimumVisualStudioVersion = 10.0.40219.1
Project("{8BC9CEB8-8B4A-11D0-8D11-00A0C91BC942}") = "RubikCubeSolver", "RubikCubeSolver\RubikCubeSolver.vcxproj", "{A8391F0C-ADFF-4C25-82FC-51B9940866A8}"
EndProject
Global
	GlobalSection(SolutionConfigurationPlatforms) = preSolution
		Debug|x64 = Debug|x64
		Debug|x86 = Debug|x86
		Release|x64 = Release|x64
		Release|x86 = Release|x86
	EndGlobalSection
	GlobalSection(ProjectConfigurationPlatforms) = postSolution
		{A8391F0C-ADFF-4C25-82FC-51B9940866A8}.Debug|x64.ActiveCfg = Debug|x64
		{A8391F0C-ADFF-4C25-82FC-51B9940866A8}.Debug|x64.Build.0 = Debug|x64
		{A8391F0C-ADFF-4C25-82FC-51B9940866A8}.Debug|x86.ActiveCfg = Debug|Win32
		{A8391F0C-ADFF-4C25-82FC-51B9940866A8}.Debug|x86.Build.0 = Debug|Win32
		{A8391F0C-ADFF-4C25-82FC-51B9940866A8}.Release|x64.ActiveCfg = Release|x64
		{A8391F0C-ADFF-4C25-82FC-51B9940866A8}.Release|x64.Build.0 = Release|x64
		{A8391F0C-ADFF-4C25-82FC-51B9940866A8}.Release|x86.ActiveCfg = Release|Win32
		{A8391F0C-ADFF-4C25-82FC-51B9940866A8}.Release|x86.Build.0 = Release|Win32
	EndGlobalSection
	GlobalSection(SolutionProperties) = preSolution
		HideSolutionNode = FALSE
	EndGlobalSection
	GlobalSection(ExtensibilityGlobals) = postSolution
		SolutionGuid = {ED358FBB-E307-4419-A807-B76B25A811AE}
	EndGlobalSection
EndGlobal
